
Microsoft Visual Studio Solution File, Format Version 12.00
# Visual Studio Version 17
VisualStudioVersion = 17.14.36414.22
MinimumVisualStudioVersion = 10.0.40219.1
Project("{FAE04EC0-301F-11D3-BF4B-00C04F79EFBC}") = "Tyuiu.KilikaevRV.Sprint0", "Tyuiu.KilikaevRV.Sprint0\Tyuiu.KilikaevRV.Sprint0.csproj", "{C568EC91-163F-4A2D-ADBC-8DC60E64D431}"
EndProject
Project("{2150E333-8FDC-42A3-9474-1A3956D46DE8}") = "Task1", "Task1", "{02EA681E-C7D8-13C7-8484-4AC65E1B71E8}"
EndProject
Project("{FAE04EC0-301F-11D3-BF4B-00C04F79EFBC}") = "Tyuiu.KilikaevRV.Sprint0.Task1.V0", "Tyuiu.KilikaevRV.Sprint0.Task1.V0\Tyuiu.KilikaevRV.Sprint0.Task1.V0.csproj", "{76A57282-E3D2-4BDD-BABF-D44C714B2079}"
EndProject
Project("{2150E333-8FDC-42A3-9474-1A3956D46DE8}") = "Task2", "Task2", "{369A22D7-567B-49A2-A918-BD0EBEF1F71B}"
EndProject
Project("{FAE04EC0-301F-11D3-BF4B-00C04F79EFBC}") = "Tyuiu.KilikaevRV.Sprint0.Task2.V0", "Tyuiu.KilikaevRV.Sprint0.Task2.V0\Tyuiu.KilikaevRV.Sprint0.Task2.V0.csproj", "{280FC332-8789-4CA4-AB05-261E31C7DD71}"
EndProject
Project("{FAE04EC0-301F-11D3-BF4B-00C04F79EFBC}") = "Tyuiu.KilikaevRV.Sprint0.Task2.V0.Lib", "uiu.KilikaevRV.Sprint0.Task2.V0.Lib\Tyuiu.KilikaevRV.Sprint0.Task2.V0.Lib.csproj", "{E43999AD-7FB9-46C1-9A77-1262449671AB}"
EndProject
Project("{FAE04EC0-301F-11D3-BF4B-00C04F79EFBC}") = "Tyuiu.KilikaevRV.Sprint0.Task2.V0.Test", "Tyuiu.KilikaevRV.Sprint0.Task2.V0.Test\Tyuiu.KilikaevRV.Sprint0.Task2.V0.Test.csproj", "{62BF4671-42CA-4019-9243-1A6A465FD1A5}"
EndProject
Global
	GlobalSection(SolutionConfigurationPlatforms) = preSolution
		Debug|Any CPU = Debug|Any CPU
		Release|Any CPU = Release|Any CPU
	EndGlobalSection
	GlobalSection(ProjectConfigurationPlatforms) = postSolution
		{C568EC91-163F-4A2D-ADBC-8DC60E64D431}.Debug|Any CPU.ActiveCfg = Debug|Any CPU
		{C568EC91-163F-4A2D-ADBC-8DC60E64D431}.Debug|Any CPU.Build.0 = Debug|Any CPU
		{C568EC91-163F-4A2D-ADBC-8DC60E64D431}.Release|Any CPU.ActiveCfg = Release|Any CPU
		{C568EC91-163F-4A2D-ADBC-8DC60E64D431}.Release|Any CPU.Build.0 = Release|Any CPU
		{76A57282-E3D2-4BDD-BABF-D44C714B2079}.Debug|Any CPU.ActiveCfg = Debug|Any CPU
		{76A57282-E3D2-4BDD-BABF-D44C714B2079}.Debug|Any CPU.Build.0 = Debug|Any CPU
		{76A57282-E3D2-4BDD-BABF-D44C714B2079}.Release|Any CPU.ActiveCfg = Release|Any CPU
		{76A57282-E3D2-4BDD-BABF-D44C714B2079}.Release|Any CPU.Build.0 = Release|Any CPU
		{280FC332-8789-4CA4-AB05-261E31C7DD71}.Debug|Any CPU.ActiveCfg = Debug|Any CPU
		{280FC332-8789-4CA4-AB05-261E31C7DD71}.Debug|Any CPU.Build.0 = Debug|Any CPU
		{280FC332-8789-4CA4-AB05-261E31C7DD71}.Release|Any CPU.ActiveCfg = Release|Any CPU
		{280FC332-8789-4CA4-AB05-261E31C7DD71}.Release|Any CPU.Build.0 = Release|Any CPU
		{E43999AD-7FB9-46C1-9A77-1262449671AB}.Debug|Any CPU.ActiveCfg = Debug|Any CPU
		{E43999AD-7FB9-46C1-9A77-1262449671AB}.Debug|Any CPU.Build.0 = Debug|Any CPU
		{E43999AD-7FB9-46C1-9A77-1262449671AB}.Release|Any CPU.ActiveCfg = Release|Any CPU
		{E43999AD-7FB9-46C1-9A77-1262449671AB}.Release|Any CPU.Build.0 = Release|Any CPU
		{62BF4671-42CA-4019-9243-1A6A465FD1A5}.Debug|Any CPU.ActiveCfg = Debug|Any CPU
		{62BF4671-42CA-4019-9243-1A6A465FD1A5}.Debug|Any CPU.Build.0 = Debug|Any CPU
		{62BF4671-42CA-4019-9243-1A6A465FD1A5}.Release|Any CPU.ActiveCfg = Release|Any CPU
		{62BF4671-42CA-4019-9243-1A6A465FD1A5}.Release|Any CPU.Build.0 = Release|Any CPU
	EndGlobalSection
	GlobalSection(SolutionProperties) = preSolution
		HideSolutionNode = FALSE
	EndGlobalSection
	GlobalSection(NestedProjects) = preSolution
		{76A57282-E3D2-4BDD-BABF-D44C714B2079} = {02EA681E-C7D8-13C7-8484-4AC65E1B71E8}
		{280FC332-8789-4CA4-AB05-261E31C7DD71} = {369A22D7-567B-49A2-A918-BD0EBEF1F71B}
		{E43999AD-7FB9-46C1-9A77-1262449671AB} = {369A22D7-567B-49A2-A918-BD0EBEF1F71B}
		{62BF4671-42CA-4019-9243-1A6A465FD1A5} = {369A22D7-567B-49A2-A918-BD0EBEF1F71B}
	EndGlobalSection
	GlobalSection(ExtensibilityGlobals) = postSolution
		SolutionGuid = {93B7FB4C-E8C2-423F-BAFD-CA159A1CC03F}
	EndGlobalSection
EndGlobal
